
Microsoft Visual Studio Solution File, Format Version 12.00
# Visual Studio 14
VisualStudioVersion = 14.0.23107.0
MinimumVisualStudioVersion = 10.0.40219.1
Project("{FAE04EC0-301F-11D3-BF4B-00C04F79EFBC}") = "Algorithms", "Algorithms\Algorithms.csproj", "{C89C7458-B2F6-4510-B626-982FF6C16E34}"
EndProject
Project("{FAE04EC0-301F-11D3-BF4B-00C04F79EFBC}") = "Algorithms.Test", "Algorithms.Test\Algorithms.Test.csproj", "{6F76357F-1461-4A3E-A5CB-D0E134C57AE0}"
EndProject
Project("{FAE04EC0-301F-11D3-BF4B-00C04F79EFBC}") = "Fundamentals", "Fundamentals\Fundamentals.csproj", "{96B15D34-74E3-4A39-B5FF-6367BD4674CB}"
EndProject
Project("{FAE04EC0-301F-11D3-BF4B-00C04F79EFBC}") = "Euler", "Euler\Euler.csproj", "{C64198CB-C477-4DD1-BECD-6410BDA933FA}"
EndProject
Global
	GlobalSection(SolutionConfigurationPlatforms) = preSolution
		Debug|Any CPU = Debug|Any CPU
		Release|Any CPU = Release|Any CPU
	EndGlobalSection
	GlobalSection(ProjectConfigurationPlatforms) = postSolution
		{C89C7458-B2F6-4510-B626-982FF6C16E34}.Debug|Any CPU.ActiveCfg = Debug|Any CPU
		{C89C7458-B2F6-4510-B626-982FF6C16E34}.Debug|Any CPU.Build.0 = Debug|Any CPU
		{C89C7458-B2F6-4510-B626-982FF6C16E34}.Release|Any CPU.ActiveCfg = Release|Any CPU
		{C89C7458-B2F6-4510-B626-982FF6C16E34}.Release|Any CPU.Build.0 = Release|Any CPU
		{6F76357F-1461-4A3E-A5CB-D0E134C57AE0}.Debug|Any CPU.ActiveCfg = Debug|Any CPU
		{6F76357F-1461-4A3E-A5CB-D0E134C57AE0}.Debug|Any CPU.Build.0 = Debug|Any CPU
		{6F76357F-1461-4A3E-A5CB-D0E134C57AE0}.Release|Any CPU.ActiveCfg = Release|Any CPU
		{6F76357F-1461-4A3E-A5CB-D0E134C57AE0}.Release|Any CPU.Build.0 = Release|Any CPU
		{96B15D34-74E3-4A39-B5FF-6367BD4674CB}.Debug|Any CPU.ActiveCfg = Debug|Any CPU
		{96B15D34-74E3-4A39-B5FF-6367BD4674CB}.Debug|Any CPU.Build.0 = Debug|Any CPU
		{96B15D34-74E3-4A39-B5FF-6367BD4674CB}.Release|Any CPU.ActiveCfg = Release|Any CPU
		{96B15D34-74E3-4A39-B5FF-6367BD4674CB}.Release|Any CPU.Build.0 = Release|Any CPU
		{C64198CB-C477-4DD1-BECD-6410BDA933FA}.Debug|Any CPU.ActiveCfg = Debug|Any CPU
		{C64198CB-C477-4DD1-BECD-6410BDA933FA}.Debug|Any CPU.Build.0 = Debug|Any CPU
		{C64198CB-C477-4DD1-BECD-6410BDA933FA}.Release|Any CPU.ActiveCfg = Release|Any CPU
		{C64198CB-C477-4DD1-BECD-6410BDA933FA}.Release|Any CPU.Build.0 = Release|Any CPU
	EndGlobalSection
	GlobalSection(SolutionProperties) = preSolution
		HideSolutionNode = FALSE
	EndGlobalSection
	GlobalSection(TeamFoundationVersionControl) = preSolution
		SccNumberOfProjects = 5
		SccEnterpriseProvider = {4CA58AB2-18FA-4F8D-95D4-32DDF27D184C}
		SccTeamFoundationServer = http://devvmsg:8080/tfs/defaultcollection
		SccLocalPath0 = .
		SccProjectUniqueName1 = Algorithms.Test\\Algorithms.Test.csproj
		SccProjectName1 = Algorithms.Test
		SccLocalPath1 = Algorithms.Test
		SccProjectUniqueName2 = Algorithms\\Algorithms.csproj
		SccProjectName2 = Algorithms
		SccLocalPath2 = Algorithms
		SccProjectUniqueName3 = Euler\\Euler.csproj
		SccProjectName3 = Euler
		SccLocalPath3 = Euler
		SccProjectUniqueName4 = Fundamentals\\Fundamentals.csproj
		SccProjectName4 = Fundamentals
		SccLocalPath4 = Fundamentals
	EndGlobalSection
EndGlobal
